
Microsoft Visual Studio Solution File, Format Version 12.00
# Visual Studio 15
VisualStudioVersion = 15.0.26124.0
MinimumVisualStudioVersion = 15.0.26124.0
Project("{FAE04EC0-301F-11D3-BF4B-00C04F79EFBC}") = "BaltaStore.Api", "BaltaStore.Api\BaltaStore.Api.csproj", "{2C302574-5293-4FED-80F5-8814908B55BF}"
EndProject
Project("{FAE04EC0-301F-11D3-BF4B-00C04F79EFBC}") = "BaltaStore.Domain", "BaltaStore.Domain\BaltaStore.Domain.csproj", "{454E9FA7-2E64-4C18-B9C7-031A600710B5}"
EndProject
Project("{FAE04EC0-301F-11D3-BF4B-00C04F79EFBC}") = "BaltaStore.Infra", "BaltaStore.Infra\BaltaStore.Infra.csproj", "{E6D85106-8004-4FDF-B918-69F846AED3E0}"
EndProject
Project("{FAE04EC0-301F-11D3-BF4B-00C04F79EFBC}") = "BaltaStore.Shared", "BaltaStore.Shared\BaltaStore.Shared.csproj", "{0518030D-23FD-4351-9938-873ADEF1AE4C}"
EndProject
Project("{FAE04EC0-301F-11D3-BF4B-00C04F79EFBC}") = "BaltaStore.Tests", "BaltaStore.Tests\BaltaStore.Tests.csproj", "{FBDDFFED-4862-459B-871B-7E577989760E}"
EndProject
Global
	GlobalSection(SolutionConfigurationPlatforms) = preSolution
		Debug|Any CPU = Debug|Any CPU
		Debug|x64 = Debug|x64
		Debug|x86 = Debug|x86
		Release|Any CPU = Release|Any CPU
		Release|x64 = Release|x64
		Release|x86 = Release|x86
	EndGlobalSection
	GlobalSection(SolutionProperties) = preSolution
		HideSolutionNode = FALSE
	EndGlobalSection
	GlobalSection(ProjectConfigurationPlatforms) = postSolution
		{2C302574-5293-4FED-80F5-8814908B55BF}.Debug|Any CPU.ActiveCfg = Debug|Any CPU
		{2C302574-5293-4FED-80F5-8814908B55BF}.Debug|Any CPU.Build.0 = Debug|Any CPU
		{2C302574-5293-4FED-80F5-8814908B55BF}.Debug|x64.ActiveCfg = Debug|Any CPU
		{2C302574-5293-4FED-80F5-8814908B55BF}.Debug|x64.Build.0 = Debug|Any CPU
		{2C302574-5293-4FED-80F5-8814908B55BF}.Debug|x86.ActiveCfg = Debug|Any CPU
		{2C302574-5293-4FED-80F5-8814908B55BF}.Debug|x86.Build.0 = Debug|Any CPU
		{2C302574-5293-4FED-80F5-8814908B55BF}.Release|Any CPU.ActiveCfg = Release|Any CPU
		{2C302574-5293-4FED-80F5-8814908B55BF}.Release|Any CPU.Build.0 = Release|Any CPU
		{2C302574-5293-4FED-80F5-8814908B55BF}.Release|x64.ActiveCfg = Release|Any CPU
		{2C302574-5293-4FED-80F5-8814908B55BF}.Release|x64.Build.0 = Release|Any CPU
		{2C302574-5293-4FED-80F5-8814908B55BF}.Release|x86.ActiveCfg = Release|Any CPU
		{2C302574-5293-4FED-80F5-8814908B55BF}.Release|x86.Build.0 = Release|Any CPU
		{454E9FA7-2E64-4C18-B9C7-031A600710B5}.Debug|Any CPU.ActiveCfg = Debug|Any CPU
		{454E9FA7-2E64-4C18-B9C7-031A600710B5}.Debug|Any CPU.Build.0 = Debug|Any CPU
		{454E9FA7-2E64-4C18-B9C7-031A600710B5}.Debug|x64.ActiveCfg = Debug|Any CPU
		{454E9FA7-2E64-4C18-B9C7-031A600710B5}.Debug|x64.Build.0 = Debug|Any CPU
		{454E9FA7-2E64-4C18-B9C7-031A600710B5}.Debug|x86.ActiveCfg = Debug|Any CPU
		{454E9FA7-2E64-4C18-B9C7-031A600710B5}.Debug|x86.Build.0 = Debug|Any CPU
		{454E9FA7-2E64-4C18-B9C7-031A600710B5}.Release|Any CPU.ActiveCfg = Release|Any CPU
		{454E9FA7-2E64-4C18-B9C7-031A600710B5}.Release|Any CPU.Build.0 = Release|Any CPU
		{454E9FA7-2E64-4C18-B9C7-031A600710B5}.Release|x64.ActiveCfg = Release|Any CPU
		{454E9FA7-2E64-4C18-B9C7-031A600710B5}.Release|x64.Build.0 = Release|Any CPU
		{454E9FA7-2E64-4C18-B9C7-031A600710B5}.Release|x86.ActiveCfg = Release|Any CPU
		{454E9FA7-2E64-4C18-B9C7-031A600710B5}.Release|x86.Build.0 = Release|Any CPU
		{E6D85106-8004-4FDF-B918-69F846AED3E0}.Debug|Any CPU.ActiveCfg = Debug|Any CPU
		{E6D85106-8004-4FDF-B918-69F846AED3E0}.Debug|Any CPU.Build.0 = Debug|Any CPU
		{E6D85106-8004-4FDF-B918-69F846AED3E0}.Debug|x64.ActiveCfg = Debug|Any CPU
		{E6D85106-8004-4FDF-B918-69F846AED3E0}.Debug|x64.Build.0 = Debug|Any CPU
		{E6D85106-8004-4FDF-B918-69F846AED3E0}.Debug|x86.ActiveCfg = Debug|Any CPU
		{E6D85106-8004-4FDF-B918-69F846AED3E0}.Debug|x86.Build.0 = Debug|Any CPU
		{E6D85106-8004-4FDF-B918-69F846AED3E0}.Release|Any CPU.ActiveCfg = Release|Any CPU
		{E6D85106-8004-4FDF-B918-69F846AED3E0}.Release|Any CPU.Build.0 = Release|Any CPU
		{E6D85106-8004-4FDF-B918-69F846AED3E0}.Release|x64.ActiveCfg = Release|Any CPU
		{E6D85106-8004-4FDF-B918-69F846AED3E0}.Release|x64.Build.0 = Release|Any CPU
		{E6D85106-8004-4FDF-B918-69F846AED3E0}.Release|x86.ActiveCfg = Release|Any CPU
		{E6D85106-8004-4FDF-B918-69F846AED3E0}.Release|x86.Build.0 = Release|Any CPU
		{0518030D-23FD-4351-9938-873ADEF1AE4C}.Debug|Any CPU.ActiveCfg = Debug|Any CPU
		{0518030D-23FD-4351-9938-873ADEF1AE4C}.Debug|Any CPU.Build.0 = Debug|Any CPU
		{0518030D-23FD-4351-9938-873ADEF1AE4C}.Debug|x64.ActiveCfg = Debug|Any CPU
		{0518030D-23FD-4351-9938-873ADEF1AE4C}.Debug|x64.Build.0 = Debug|Any CPU
		{0518030D-23FD-4351-9938-873ADEF1AE4C}.Debug|x86.ActiveCfg = Debug|Any CPU
		{0518030D-23FD-4351-9938-873ADEF1AE4C}.Debug|x86.Build.0 = Debug|Any CPU
		{0518030D-23FD-4351-9938-873ADEF1AE4C}.Release|Any CPU.ActiveCfg = Release|Any CPU
		{0518030D-23FD-4351-9938-873ADEF1AE4C}.Release|Any CPU.Build.0 = Release|Any CPU
		{0518030D-23FD-4351-9938-873ADEF1AE4C}.Release|x64.ActiveCfg = Release|Any CPU
		{0518030D-23FD-4351-9938-873ADEF1AE4C}.Release|x64.Build.0 = Release|Any CPU
		{0518030D-23FD-4351-9938-873ADEF1AE4C}.Release|x86.ActiveCfg = Release|Any CPU
		{0518030D-23FD-4351-9938-873ADEF1AE4C}.Release|x86.Build.0 = Release|Any CPU
		{FBDDFFED-4862-459B-871B-7E577989760E}.Debug|Any CPU.ActiveCfg = Debug|Any CPU
		{FBDDFFED-4862-459B-871B-7E577989760E}.Debug|Any CPU.Build.0 = Debug|Any CPU
		{FBDDFFED-4862-459B-871B-7E577989760E}.Debug|x64.ActiveCfg = Debug|Any CPU
		{FBDDFFED-4862-459B-871B-7E577989760E}.Debug|x64.Build.0 = Debug|Any CPU
		{FBDDFFED-4862-459B-871B-7E577989760E}.Debug|x86.ActiveCfg = Debug|Any CPU
		{FBDDFFED-4862-459B-871B-7E577989760E}.Debug|x86.Build.0 = Debug|Any CPU
		{FBDDFFED-4862-459B-871B-7E577989760E}.Release|Any CPU.ActiveCfg = Release|Any CPU
		{FBDDFFED-4862-459B-871B-7E577989760E}.Release|Any CPU.Build.0 = Release|Any CPU
		{FBDDFFED-4862-459B-871B-7E577989760E}.Release|x64.ActiveCfg = Release|Any CPU
		{FBDDFFED-4862-459B-871B-7E577989760E}.Release|x64.Build.0 = Release|Any CPU
		{FBDDFFED-4862-459B-871B-7E577989760E}.Release|x86.ActiveCfg = Release|Any CPU
		{FBDDFFED-4862-459B-871B-7E577989760E}.Release|x86.Build.0 = Release|Any CPU
	EndGlobalSection
EndGlobal
